
Microsoft Visual Studio Solution File, Format Version 12.00
# Visual Studio Version 17
VisualStudioVersion = 17.5.002.0
MinimumVisualStudioVersion = 10.0.40219.1
Project("{9A19103F-16F7-4668-BE54-9A1E7A4F7556}") = "GameCommon", "GameCommon.csproj", "{B20B2B77-C05E-47B2-B2B9-2832468EFD31}"
EndProject
Global
	GlobalSection(SolutionConfigurationPlatforms) = preSolution
		Debug|Any CPU = Debug|Any CPU
		Release|Any CPU = Release|Any CPU
	EndGlobalSection
	GlobalSection(ProjectConfigurationPlatforms) = postSolution
		{B20B2B77-C05E-47B2-B2B9-2832468EFD31}.Debug|Any CPU.ActiveCfg = Debug|Any CPU
		{B20B2B77-C05E-47B2-B2B9-2832468EFD31}.Debug|Any CPU.Build.0 = Debug|Any CPU
		{B20B2B77-C05E-47B2-B2B9-2832468EFD31}.Release|Any CPU.ActiveCfg = Release|Any CPU
		{B20B2B77-C05E-47B2-B2B9-2832468EFD31}.Release|Any CPU.Build.0 = Release|Any CPU
	EndGlobalSection
	GlobalSection(SolutionProperties) = preSolution
		HideSolutionNode = FALSE
	EndGlobalSection
	GlobalSection(ExtensibilityGlobals) = postSolution
		SolutionGuid = {D53AF0CB-30D6-4D7B-AB39-16A7EEB7CBC1}
	EndGlobalSection
EndGlobal
